
Microsoft Visual Studio Solution File, Format Version 12.00
# Visual Studio Version 16
VisualStudioVersion = 16.0.31112.23
MinimumVisualStudioVersion = 10.0.40219.1
Project("{9A19103F-16F7-4668-BE54-9A1E7A4F7556}") = "CurseOfTheMoon", "CurseOfTheMoon.csproj", "{A7D4CC35-7B22-40B2-A7F2-3E96B121DDDB}"
EndProject
Global
	GlobalSection(SolutionConfigurationPlatforms) = preSolution
		Debug|Any CPU = Debug|Any CPU
		Release|Any CPU = Release|Any CPU
	EndGlobalSection
	GlobalSection(ProjectConfigurationPlatforms) = postSolution
		{A7D4CC35-7B22-40B2-A7F2-3E96B121DDDB}.Debug|Any CPU.ActiveCfg = Debug|Any CPU
		{A7D4CC35-7B22-40B2-A7F2-3E96B121DDDB}.Debug|Any CPU.Build.0 = Debug|Any CPU
		{A7D4CC35-7B22-40B2-A7F2-3E96B121DDDB}.Release|Any CPU.ActiveCfg = Release|Any CPU
		{A7D4CC35-7B22-40B2-A7F2-3E96B121DDDB}.Release|Any CPU.Build.0 = Release|Any CPU
	EndGlobalSection
	GlobalSection(SolutionProperties) = preSolution
		HideSolutionNode = FALSE
	EndGlobalSection
	GlobalSection(ExtensibilityGlobals) = postSolution
		SolutionGuid = {A7F4312A-49C0-4937-9A65-6465DA0C1D64}
	EndGlobalSection
EndGlobal
